
Microsoft Visual Studio Solution File, Format Version 12.00
# Visual Studio Version 17
VisualStudioVersion = 17.9.34902.65
MinimumVisualStudioVersion = 10.0.40219.1
Project("{FAE04EC0-301F-11D3-BF4B-00C04F79EFBC}") = "WinFormsApp1", "WinFormsApp1\WinFormsApp1.csproj", "{4AA49621-F0AE-4FF9-9BC5-77010C4680EB}"
EndProject
Global
	GlobalSection(SolutionConfigurationPlatforms) = preSolution
		Debug|Any CPU = Debug|Any CPU
		Release|Any CPU = Release|Any CPU
	EndGlobalSection
	GlobalSection(ProjectConfigurationPlatforms) = postSolution
		{4AA49621-F0AE-4FF9-9BC5-77010C4680EB}.Debug|Any CPU.ActiveCfg = Debug|Any CPU
		{4AA49621-F0AE-4FF9-9BC5-77010C4680EB}.Debug|Any CPU.Build.0 = Debug|Any CPU
		{4AA49621-F0AE-4FF9-9BC5-77010C4680EB}.Release|Any CPU.ActiveCfg = Release|Any CPU
		{4AA49621-F0AE-4FF9-9BC5-77010C4680EB}.Release|Any CPU.Build.0 = Release|Any CPU
	EndGlobalSection
	GlobalSection(SolutionProperties) = preSolution
		HideSolutionNode = FALSE
	EndGlobalSection
	GlobalSection(ExtensibilityGlobals) = postSolution
		SolutionGuid = {5542B05D-785C-4FF6-9076-E429ECF5CFD5}
	EndGlobalSection
EndGlobal
